
Microsoft Visual Studio Solution File, Format Version 12.00
# Visual Studio 15
VisualStudioVersion = 15.0.28307.168
MinimumVisualStudioVersion = 10.0.40219.1
Project("{FAE04EC0-301F-11D3-BF4B-00C04F79EFBC}") = "PrincessHelper", "PrincessHelper\PrincessHelper.csproj", "{ED19C0C0-7EB1-4BE6-B695-75C11BBC978C}"
EndProject
Global
	GlobalSection(SolutionConfigurationPlatforms) = preSolution
		Debug|Any CPU = Debug|Any CPU
		Release|Any CPU = Release|Any CPU
	EndGlobalSection
	GlobalSection(ProjectConfigurationPlatforms) = postSolution
		{ED19C0C0-7EB1-4BE6-B695-75C11BBC978C}.Debug|Any CPU.ActiveCfg = Debug|Any CPU
		{ED19C0C0-7EB1-4BE6-B695-75C11BBC978C}.Debug|Any CPU.Build.0 = Debug|Any CPU
		{ED19C0C0-7EB1-4BE6-B695-75C11BBC978C}.Release|Any CPU.ActiveCfg = Release|Any CPU
		{ED19C0C0-7EB1-4BE6-B695-75C11BBC978C}.Release|Any CPU.Build.0 = Release|Any CPU
	EndGlobalSection
	GlobalSection(SolutionProperties) = preSolution
		HideSolutionNode = FALSE
	EndGlobalSection
	GlobalSection(ExtensibilityGlobals) = postSolution
		SolutionGuid = {AF480E29-9200-403C-8177-88F26E65A857}
	EndGlobalSection
EndGlobal
